
Microsoft Visual Studio Solution File, Format Version 12.00
# Visual Studio Version 16
VisualStudioVersion = 16.0.29509.3
MinimumVisualStudioVersion = 10.0.40219.1
Project("{8BC9CEB8-8B4A-11D0-8D11-00A0C91BC942}") = "UGT", "winUGT.vcxproj", "{B4AF0729-C4C8-470F-A075-2D37021ACC6D}"
EndProject
Project("{8BC9CEB8-8B4A-11D0-8D11-00A0C91BC942}") = "escapi_dll", "..\..\shared\win\escapi-master\escapi_dll\escapi_dll.vcxproj", "{3EF96013-D483-4A34-8599-4B1FE47CAEBE}"
EndProject
Global
	GlobalSection(SolutionConfigurationPlatforms) = preSolution
		Debug_GL|x64 = Debug_GL|x64
		Release_GL|x64 = Release_GL|x64
	EndGlobalSection
	GlobalSection(ProjectConfigurationPlatforms) = postSolution
		{B4AF0729-C4C8-470F-A075-2D37021ACC6D}.Debug_GL|x64.ActiveCfg = Debug GL|x64
		{B4AF0729-C4C8-470F-A075-2D37021ACC6D}.Debug_GL|x64.Build.0 = Debug GL|x64
		{B4AF0729-C4C8-470F-A075-2D37021ACC6D}.Release_GL|x64.ActiveCfg = Release GL|x64
		{B4AF0729-C4C8-470F-A075-2D37021ACC6D}.Release_GL|x64.Build.0 = Release GL|x64
		{3EF96013-D483-4A34-8599-4B1FE47CAEBE}.Debug_GL|x64.ActiveCfg = Debug|x64
		{3EF96013-D483-4A34-8599-4B1FE47CAEBE}.Debug_GL|x64.Build.0 = Debug|x64
		{3EF96013-D483-4A34-8599-4B1FE47CAEBE}.Release_GL|x64.ActiveCfg = Release|x64
		{3EF96013-D483-4A34-8599-4B1FE47CAEBE}.Release_GL|x64.Build.0 = Release|x64
	EndGlobalSection
	GlobalSection(SolutionProperties) = preSolution
		HideSolutionNode = FALSE
	EndGlobalSection
	GlobalSection(ExtensibilityGlobals) = postSolution
		SolutionGuid = {AF527F02-3EB6-48B0-8146-4834EA870BA2}
	EndGlobalSection
EndGlobal
